// !$*UTF8*$!
{
	archiveVersion = 1;
	classes = {
	};
	objectVersion = 55;
	objects = {

/* Begin PBXBuildFile section */
		AA5B1CD227F68D800086EEE3 /* TTSwiftUIApp.swift in Sources */ = {isa = PBXBuildFile; fileRef = AA5B1CD127F68D800086EEE3 /* TTSwiftUIApp.swift */; };
		AA5B1CD427F68D800086EEE3 /* ContentView.swift in Sources */ = {isa = PBXBuildFile; fileRef = AA5B1CD327F68D800086EEE3 /* ContentView.swift */; };
		AA5B1CD627F68D820086EEE3 /* Assets.xcassets in Resources */ = {isa = PBXBuildFile; fileRef = AA5B1CD527F68D820086EEE3 /* Assets.xcassets */; };
		AA5B1CD927F68D820086EEE3 /* Preview Assets.xcassets in Resources */ = {isa = PBXBuildFile; fileRef = AA5B1CD827F68D820086EEE3 /* Preview Assets.xcassets */; };
		AA5B1CE127F690050086EEE3 /* ViewModel.swift in Sources */ = {isa = PBXBuildFile; fileRef = AA5B1CE027F690050086EEE3 /* ViewModel.swift */; };
		AAD1E5F528000D7900E34166 /* CircleImage.swift in Sources */ = {isa = PBXBuildFile; fileRef = AAD1E5F428000D7900E34166 /* CircleImage.swift */; };
		AAD1E5F728000F8100E34166 /* MapView.swift in Sources */ = {isa = PBXBuildFile; fileRef = AAD1E5F628000F8100E34166 /* MapView.swift */; };
		AAD1E5F92800134100E34166 /* landmarkData.json in Resources */ = {isa = PBXBuildFile; fileRef = AAD1E5F82800134100E34166 /* landmarkData.json */; };
		AAD1E5FB2800135900E34166 /* Landmark.swift in Sources */ = {isa = PBXBuildFile; fileRef = AAD1E5FA2800135900E34166 /* Landmark.swift */; };
		AAD1E5FD280015D000E34166 /* ModelData.swift in Sources */ = {isa = PBXBuildFile; fileRef = AAD1E5FC280015D000E34166 /* ModelData.swift */; };
		AAD1E6022800174D00E34166 /* LandmarkRow.swift in Sources */ = {isa = PBXBuildFile; fileRef = AAD1E6012800174D00E34166 /* LandmarkRow.swift */; };
		AAD1E604280018A300E34166 /* LandmarkList.swift in Sources */ = {isa = PBXBuildFile; fileRef = AAD1E603280018A300E34166 /* LandmarkList.swift */; };
		AAD1E606280019E500E34166 /* LandmarkDetail.swift in Sources */ = {isa = PBXBuildFile; fileRef = AAD1E605280019E500E34166 /* LandmarkDetail.swift */; };
		AAD1E60828002CB500E34166 /* FavoriteButton.swift in Sources */ = {isa = PBXBuildFile; fileRef = AAD1E60728002CB500E34166 /* FavoriteButton.swift */; };
		AAD1E60C2800338500E34166 /* HexagonParameters.swift in Sources */ = {isa = PBXBuildFile; fileRef = AAD1E60B2800338500E34166 /* HexagonParameters.swift */; };
		AAD1E60E2800341A00E34166 /* BadgeBackground.swift in Sources */ = {isa = PBXBuildFile; fileRef = AAD1E60D2800341A00E34166 /* BadgeBackground.swift */; };
		AAD1E6102800387000E34166 /* BadageSymbol.swift in Sources */ = {isa = PBXBuildFile; fileRef = AAD1E60F2800387000E34166 /* BadageSymbol.swift */; };
		AAD1E6122800391900E34166 /* Badge.swift in Sources */ = {isa = PBXBuildFile; fileRef = AAD1E6112800391900E34166 /* Badge.swift */; };
		AAD1E61628003BCD00E34166 /* Hike.swift in Sources */ = {isa = PBXBuildFile; fileRef = AAD1E61528003BCD00E34166 /* Hike.swift */; };
		AAD1E62028003CA600E34166 /* GraphCapsule.swift in Sources */ = {isa = PBXBuildFile; fileRef = AAD1E61928003CA600E34166 /* GraphCapsule.swift */; };
		AAD1E62128003CA600E34166 /* HikeGraph.swift in Sources */ = {isa = PBXBuildFile; fileRef = AAD1E61A28003CA600E34166 /* HikeGraph.swift */; };
		AAD1E62228003CA600E34166 /* HikeDetail.swift in Sources */ = {isa = PBXBuildFile; fileRef = AAD1E61B28003CA600E34166 /* HikeDetail.swift */; };
		AAD1E62328003CA600E34166 /* HikeView.swift in Sources */ = {isa = PBXBuildFile; fileRef = AAD1E61C28003CA600E34166 /* HikeView.swift */; };
		AAD1E62428003CA600E34166 /* LICENSE.txt in Resources */ = {isa = PBXBuildFile; fileRef = AAD1E61E28003CA600E34166 /* LICENSE.txt */; };
		AAD1E62528003CA600E34166 /* hikeData.json in Resources */ = {isa = PBXBuildFile; fileRef = AAD1E61F28003CA600E34166 /* hikeData.json */; };
/* End PBXBuildFile section */

/* Begin PBXFileReference section */
		AA5B1CCE27F68D800086EEE3 /* TTSwiftUI.app */ = {isa = PBXFileReference; explicitFileType = wrapper.application; includeInIndex = 0; path = TTSwiftUI.app; sourceTree = BUILT_PRODUCTS_DIR; };
		AA5B1CD127F68D800086EEE3 /* TTSwiftUIApp.swift */ = {isa = PBXFileReference; lastKnownFileType = sourcecode.swift; path = TTSwiftUIApp.swift; sourceTree = "<group>"; };
		AA5B1CD327F68D800086EEE3 /* ContentView.swift */ = {isa = PBXFileReference; lastKnownFileType = sourcecode.swift; path = ContentView.swift; sourceTree = "<group>"; };
		AA5B1CD527F68D820086EEE3 /* Assets.xcassets */ = {isa = PBXFileReference; lastKnownFileType = folder.assetcatalog; path = Assets.xcassets; sourceTree = "<group>"; };
		AA5B1CD827F68D820086EEE3 /* Preview Assets.xcassets */ = {isa = PBXFileReference; lastKnownFileType = folder.assetcatalog; path = "Preview Assets.xcassets"; sourceTree = "<group>"; };
		AA5B1CDF27F68D9E0086EEE3 /* TTSwiftUI.entitlements */ = {isa = PBXFileReference; lastKnownFileType = text.plist.entitlements; path = TTSwiftUI.entitlements; sourceTree = "<group>"; };
		AA5B1CE027F690050086EEE3 /* ViewModel.swift */ = {isa = PBXFileReference; lastKnownFileType = sourcecode.swift; path = ViewModel.swift; sourceTree = "<group>"; };
		AAD1E5F428000D7900E34166 /* CircleImage.swift */ = {isa = PBXFileReference; lastKnownFileType = sourcecode.swift; path = CircleImage.swift; sourceTree = "<group>"; };
		AAD1E5F628000F8100E34166 /* MapView.swift */ = {isa = PBXFileReference; lastKnownFileType = sourcecode.swift; path = MapView.swift; sourceTree = "<group>"; };
		AAD1E5F82800134100E34166 /* landmarkData.json */ = {isa = PBXFileReference; fileEncoding = 4; lastKnownFileType = text.json; path = landmarkData.json; sourceTree = "<group>"; };
		AAD1E5FA2800135900E34166 /* Landmark.swift */ = {isa = PBXFileReference; lastKnownFileType = sourcecode.swift; path = Landmark.swift; sourceTree = "<group>"; };
		AAD1E5FC280015D000E34166 /* ModelData.swift */ = {isa = PBXFileReference; lastKnownFileType = sourcecode.swift; path = ModelData.swift; sourceTree = "<group>"; };
		AAD1E6012800174D00E34166 /* LandmarkRow.swift */ = {isa = PBXFileReference; lastKnownFileType = sourcecode.swift; path = LandmarkRow.swift; sourceTree = "<group>"; };
		AAD1E603280018A300E34166 /* LandmarkList.swift */ = {isa = PBXFileReference; lastKnownFileType = sourcecode.swift; path = LandmarkList.swift; sourceTree = "<group>"; };
		AAD1E605280019E500E34166 /* LandmarkDetail.swift */ = {isa = PBXFileReference; lastKnownFileType = sourcecode.swift; path = LandmarkDetail.swift; sourceTree = "<group>"; };
		AAD1E60728002CB500E34166 /* FavoriteButton.swift */ = {isa = PBXFileReference; lastKnownFileType = sourcecode.swift; path = FavoriteButton.swift; sourceTree = "<group>"; };
		AAD1E60B2800338500E34166 /* HexagonParameters.swift */ = {isa = PBXFileReference; lastKnownFileType = sourcecode.swift; path = HexagonParameters.swift; sourceTree = "<group>"; };
		AAD1E60D2800341A00E34166 /* BadgeBackground.swift */ = {isa = PBXFileReference; lastKnownFileType = sourcecode.swift; path = BadgeBackground.swift; sourceTree = "<group>"; };
		AAD1E60F2800387000E34166 /* BadageSymbol.swift */ = {isa = PBXFileReference; lastKnownFileType = sourcecode.swift; path = BadageSymbol.swift; sourceTree = "<group>"; };
		AAD1E6112800391900E34166 /* Badge.swift */ = {isa = PBXFileReference; lastKnownFileType = sourcecode.swift; path = Badge.swift; sourceTree = "<group>"; };
		AAD1E61528003BCD00E34166 /* Hike.swift */ = {isa = PBXFileReference; lastKnownFileType = sourcecode.swift; path = Hike.swift; sourceTree = "<group>"; };
		AAD1E61928003CA600E34166 /* GraphCapsule.swift */ = {isa = PBXFileReference; fileEncoding = 4; lastKnownFileType = sourcecode.swift; path = GraphCapsule.swift; sourceTree = "<group>"; };
		AAD1E61A28003CA600E34166 /* HikeGraph.swift */ = {isa = PBXFileReference; fileEncoding = 4; lastKnownFileType = sourcecode.swift; path = HikeGraph.swift; sourceTree = "<group>"; };
		AAD1E61B28003CA600E34166 /* HikeDetail.swift */ = {isa = PBXFileReference; fileEncoding = 4; lastKnownFileType = sourcecode.swift; path = HikeDetail.swift; sourceTree = "<group>"; };
		AAD1E61C28003CA600E34166 /* HikeView.swift */ = {isa = PBXFileReference; fileEncoding = 4; lastKnownFileType = sourcecode.swift; path = HikeView.swift; sourceTree = "<group>"; };
		AAD1E61E28003CA600E34166 /* LICENSE.txt */ = {isa = PBXFileReference; fileEncoding = 4; lastKnownFileType = text; path = LICENSE.txt; sourceTree = "<group>"; };
		AAD1E61F28003CA600E34166 /* hikeData.json */ = {isa = PBXFileReference; fileEncoding = 4; lastKnownFileType = text.json; path = hikeData.json; sourceTree = "<group>"; };
/* End PBXFileReference section */

/* Begin PBXFrameworksBuildPhase section */
		AA5B1CCB27F68D800086EEE3 /* Frameworks */ = {
			isa = PBXFrameworksBuildPhase;
			buildActionMask = 2147483647;
			files = (
			);
			runOnlyForDeploymentPostprocessing = 0;
		};
/* End PBXFrameworksBuildPhase section */

/* Begin PBXGroup section */
		AA5B1CC527F68D800086EEE3 = {
			isa = PBXGroup;
			children = (
				AA5B1CD027F68D800086EEE3 /* TTSwiftUI */,
				AA5B1CCF27F68D800086EEE3 /* Products */,
			);
			sourceTree = "<group>";
		};
		AA5B1CCF27F68D800086EEE3 /* Products */ = {
			isa = PBXGroup;
			children = (
				AA5B1CCE27F68D800086EEE3 /* TTSwiftUI.app */,
			);
			name = Products;
			sourceTree = "<group>";
		};
		AA5B1CD027F68D800086EEE3 /* TTSwiftUI */ = {
			isa = PBXGroup;
			children = (
				AAD1E600280016F900E34166 /* Resources */,
				AAD1E5FF280016D500E34166 /* Model */,
				AAD1E5FE280016CF00E34166 /* Views */,
				AA5B1CDF27F68D9E0086EEE3 /* TTSwiftUI.entitlements */,
				AA5B1CD127F68D800086EEE3 /* TTSwiftUIApp.swift */,
				AA5B1CD527F68D820086EEE3 /* Assets.xcassets */,
				AA5B1CD727F68D820086EEE3 /* Preview Content */,
				AA5B1CE027F690050086EEE3 /* ViewModel.swift */,
				AAD1E60B2800338500E34166 /* HexagonParameters.swift */,
			);
			path = TTSwiftUI;
			sourceTree = "<group>";
		};
		AA5B1CD727F68D820086EEE3 /* Preview Content */ = {
			isa = PBXGroup;
			children = (
				AA5B1CD827F68D820086EEE3 /* Preview Assets.xcassets */,
			);
			path = "Preview Content";
			sourceTree = "<group>";
		};
		AAD1E5FE280016CF00E34166 /* Views */ = {
			isa = PBXGroup;
			children = (
				AAD1E60A28002D6400E34166 /* Helpers */,
				AAD1E60928002D5200E34166 /* Landmarks */,
				AA5B1CD327F68D800086EEE3 /* ContentView.swift */,
				AAD1E60D2800341A00E34166 /* BadgeBackground.swift */,
				AAD1E60F2800387000E34166 /* BadageSymbol.swift */,
				AAD1E6112800391900E34166 /* Badge.swift */,
			);
			path = Views;
			sourceTree = "<group>";
		};
		AAD1E5FF280016D500E34166 /* Model */ = {
			isa = PBXGroup;
			children = (
				AAD1E5FA2800135900E34166 /* Landmark.swift */,
				AAD1E5FC280015D000E34166 /* ModelData.swift */,
				AAD1E61528003BCD00E34166 /* Hike.swift */,
			);
			path = Model;
			sourceTree = "<group>";
		};
		AAD1E600280016F900E34166 /* Resources */ = {
			isa = PBXGroup;
			children = (
				AAD1E61728003CA600E34166 /* Resources */,
				AAD1E5F82800134100E34166 /* landmarkData.json */,
			);
			path = Resources;
			sourceTree = "<group>";
		};
		AAD1E60928002D5200E34166 /* Landmarks */ = {
			isa = PBXGroup;
			children = (
				AAD1E6012800174D00E34166 /* LandmarkRow.swift */,
				AAD1E603280018A300E34166 /* LandmarkList.swift */,
				AAD1E605280019E500E34166 /* LandmarkDetail.swift */,
			);
			path = Landmarks;
			sourceTree = "<group>";
		};
		AAD1E60A28002D6400E34166 /* Helpers */ = {
			isa = PBXGroup;
			children = (
				AAD1E5F428000D7900E34166 /* CircleImage.swift */,
				AAD1E5F628000F8100E34166 /* MapView.swift */,
				AAD1E60728002CB500E34166 /* FavoriteButton.swift */,
			);
			path = Helpers;
			sourceTree = "<group>";
		};
		AAD1E61728003CA600E34166 /* Resources */ = {
			isa = PBXGroup;
			children = (
				AAD1E61828003CA600E34166 /* Hikes */,
				AAD1E61D28003CA600E34166 /* LICENSE */,
				AAD1E61F28003CA600E34166 /* hikeData.json */,
			);
			path = Resources;
			sourceTree = "<group>";
		};
		AAD1E61828003CA600E34166 /* Hikes */ = {
			isa = PBXGroup;
			children = (
				AAD1E61928003CA600E34166 /* GraphCapsule.swift */,
				AAD1E61A28003CA600E34166 /* HikeGraph.swift */,
				AAD1E61B28003CA600E34166 /* HikeDetail.swift */,
				AAD1E61C28003CA600E34166 /* HikeView.swift */,
			);
			path = Hikes;
			sourceTree = "<group>";
		};
		AAD1E61D28003CA600E34166 /* LICENSE */ = {
			isa = PBXGroup;
			children = (
				AAD1E61E28003CA600E34166 /* LICENSE.txt */,
			);
			path = LICENSE;
			sourceTree = "<group>";
		};
/* End PBXGroup section */

/* Begin PBXNativeTarget section */
		AA5B1CCD27F68D800086EEE3 /* TTSwiftUI */ = {
			isa = PBXNativeTarget;
			buildConfigurationList = AA5B1CDC27F68D820086EEE3 /* Build configuration list for PBXNativeTarget "TTSwiftUI" */;
			buildPhases = (
				AA5B1CCA27F68D800086EEE3 /* Sources */,
				AA5B1CCB27F68D800086EEE3 /* Frameworks */,
				AA5B1CCC27F68D800086EEE3 /* Resources */,
			);
			buildRules = (
			);
			dependencies = (
			);
			name = TTSwiftUI;
			productName = TTSwiftUI;
			productReference = AA5B1CCE27F68D800086EEE3 /* TTSwiftUI.app */;
			productType = "com.apple.product-type.application";
		};
/* End PBXNativeTarget section */

/* Begin PBXProject section */
		AA5B1CC627F68D800086EEE3 /* Project object */ = {
			isa = PBXProject;
			attributes = {
				BuildIndependentTargetsInParallel = 1;
				LastSwiftUpdateCheck = 1320;
				LastUpgradeCheck = 1320;
				TargetAttributes = {
					AA5B1CCD27F68D800086EEE3 = {
						CreatedOnToolsVersion = 13.2.1;
					};
				};
			};
			buildConfigurationList = AA5B1CC927F68D800086EEE3 /* Build configuration list for PBXProject "TTSwiftUI" */;
			compatibilityVersion = "Xcode 13.0";
			developmentRegion = en;
			hasScannedForEncodings = 0;
			knownRegions = (
				en,
				Base,
			);
			mainGroup = AA5B1CC527F68D800086EEE3;
			productRefGroup = AA5B1CCF27F68D800086EEE3 /* Products */;
			projectDirPath = "";
			projectRoot = "";
			targets = (
				AA5B1CCD27F68D800086EEE3 /* TTSwiftUI */,
			);
		};
/* End PBXProject section */

/* Begin PBXResourcesBuildPhase section */
		AA5B1CCC27F68D800086EEE3 /* Resources */ = {
			isa = PBXResourcesBuildPhase;
			buildActionMask = 2147483647;
			files = (
				AA5B1CD927F68D820086EEE3 /* Preview Assets.xcassets in Resources */,
				AA5B1CD627F68D820086EEE3 /* Assets.xcassets in Resources */,
				AAD1E62428003CA600E34166 /* LICENSE.txt in Resources */,
				AAD1E62528003CA600E34166 /* hikeData.json in Resources */,
				AAD1E5F92800134100E34166 /* landmarkData.json in Resources */,
			);
			runOnlyForDeploymentPostprocessing = 0;
		};
/* End PBXResourcesBuildPhase section */

/* Begin PBXSourcesBuildPhase section */
		AA5B1CCA27F68D800086EEE3 /* Sources */ = {
			isa = PBXSourcesBuildPhase;
			buildActionMask = 2147483647;
			files = (
				AAD1E60C2800338500E34166 /* HexagonParameters.swift in Sources */,
				AAD1E62128003CA600E34166 /* HikeGraph.swift in Sources */,
				AAD1E6122800391900E34166 /* Badge.swift in Sources */,
				AAD1E5FB2800135900E34166 /* Landmark.swift in Sources */,
				AAD1E62028003CA600E34166 /* GraphCapsule.swift in Sources */,
				AA5B1CD427F68D800086EEE3 /* ContentView.swift in Sources */,
				AAD1E5F728000F8100E34166 /* MapView.swift in Sources */,
				AAD1E62228003CA600E34166 /* HikeDetail.swift in Sources */,
				AA5B1CE127F690050086EEE3 /* ViewModel.swift in Sources */,
				AAD1E61628003BCD00E34166 /* Hike.swift in Sources */,
				AAD1E604280018A300E34166 /* LandmarkList.swift in Sources */,
				AAD1E5FD280015D000E34166 /* ModelData.swift in Sources */,
				AA5B1CD227F68D800086EEE3 /* TTSwiftUIApp.swift in Sources */,
				AAD1E62328003CA600E34166 /* HikeView.swift in Sources */,
				AAD1E60E2800341A00E34166 /* BadgeBackground.swift in Sources */,
				AAD1E6102800387000E34166 /* BadageSymbol.swift in Sources */,
				AAD1E6022800174D00E34166 /* LandmarkRow.swift in Sources */,
				AAD1E606280019E500E34166 /* LandmarkDetail.swift in Sources */,
				AAD1E60828002CB500E34166 /* FavoriteButton.swift in Sources */,
				AAD1E5F528000D7900E34166 /* CircleImage.swift in Sources */,
			);
			runOnlyForDeploymentPostprocessing = 0;
		};
/* End PBXSourcesBuildPhase section */

/* Begin XCBuildConfiguration section */
		AA5B1CDA27F68D820086EEE3 /* Debug */ = {
			isa = XCBuildConfiguration;
			buildSettings = {
				ALWAYS_SEARCH_USER_PATHS = NO;
				CLANG_ANALYZER_NONNULL = YES;
				CLANG_ANALYZER_NUMBER_OBJECT_CONVERSION = YES_AGGRESSIVE;
				CLANG_CXX_LANGUAGE_STANDARD = "gnu++17";
				CLANG_CXX_LIBRARY = "libc++";
				CLANG_ENABLE_MODULES = YES;
				CLANG_ENABLE_OBJC_ARC = YES;
				CLANG_ENABLE_OBJC_WEAK = YES;
				CLANG_WARN_BLOCK_CAPTURE_AUTORELEASING = YES;
				CLANG_WARN_BOOL_CONVERSION = YES;
				CLANG_WARN_COMMA = YES;
				CLANG_WARN_CONSTANT_CONVERSION = YES;
				CLANG_WARN_DEPRECATED_OBJC_IMPLEMENTATIONS = YES;
				CLANG_WARN_DIRECT_OBJC_ISA_USAGE = YES_ERROR;
				CLANG_WARN_DOCUMENTATION_COMMENTS = YES;
				CLANG_WARN_EMPTY_BODY = YES;
				CLANG_WARN_ENUM_CONVERSION = YES;
				CLANG_WARN_INFINITE_RECURSION = YES;
				CLANG_WARN_INT_CONVERSION = YES;
				CLANG_WARN_NON_LITERAL_NULL_CONVERSION = YES;
				CLANG_WARN_OBJC_IMPLICIT_RETAIN_SELF = YES;
				CLANG_WARN_OBJC_LITERAL_CONVERSION = YES;
				CLANG_WARN_OBJC_ROOT_CLASS = YES_ERROR;
				CLANG_WARN_QUOTED_INCLUDE_IN_FRAMEWORK_HEADER = YES;
				CLANG_WARN_RANGE_LOOP_ANALYSIS = YES;
				CLANG_WARN_STRICT_PROTOTYPES = YES;
				CLANG_WARN_SUSPICIOUS_MOVE = YES;
				CLANG_WARN_UNGUARDED_AVAILABILITY = YES_AGGRESSIVE;
				CLANG_WARN_UNREACHABLE_CODE = YES;
				CLANG_WARN__DUPLICATE_METHOD_MATCH = YES;
				COPY_PHASE_STRIP = NO;
				DEBUG_INFORMATION_FORMAT = dwarf;
				ENABLE_STRICT_OBJC_MSGSEND = YES;
				ENABLE_TESTABILITY = YES;
				GCC_C_LANGUAGE_STANDARD = gnu11;
				GCC_DYNAMIC_NO_PIC = NO;
				GCC_NO_COMMON_BLOCKS = YES;
				GCC_OPTIMIZATION_LEVEL = 0;
				GCC_PREPROCESSOR_DEFINITIONS = (
					"DEBUG=1",
					"$(inherited)",
				);
				GCC_WARN_64_TO_32_BIT_CONVERSION = YES;
				GCC_WARN_ABOUT_RETURN_TYPE = YES_ERROR;
				GCC_WARN_UNDECLARED_SELECTOR = YES;
				GCC_WARN_UNINITIALIZED_AUTOS = YES_AGGRESSIVE;
				GCC_WARN_UNUSED_FUNCTION = YES;
				GCC_WARN_UNUSED_VARIABLE = YES;
				IPHONEOS_DEPLOYMENT_TARGET = 15.2;
				MTL_ENABLE_DEBUG_INFO = INCLUDE_SOURCE;
				MTL_FAST_MATH = YES;
				ONLY_ACTIVE_ARCH = YES;
				SDKROOT = iphoneos;
				SWIFT_ACTIVE_COMPILATION_CONDITIONS = DEBUG;
				SWIFT_OPTIMIZATION_LEVEL = "-Onone";
			};
			name = Debug;
		};
		AA5B1CDB27F68D820086EEE3 /* Release */ = {
			isa = XCBuildConfiguration;
			buildSettings = {
				ALWAYS_SEARCH_USER_PATHS = NO;
				CLANG_ANALYZER_NONNULL = YES;
				CLANG_ANALYZER_NUMBER_OBJECT_CONVERSION = YES_AGGRESSIVE;
				CLANG_CXX_LANGUAGE_STANDARD = "gnu++17";
				CLANG_CXX_LIBRARY = "libc++";
				CLANG_ENABLE_MODULES = YES;
				CLANG_ENABLE_OBJC_ARC = YES;
				CLANG_ENABLE_OBJC_WEAK = YES;
				CLANG_WARN_BLOCK_CAPTURE_AUTORELEASING = YES;
				CLANG_WARN_BOOL_CONVERSION = YES;
				CLANG_WARN_COMMA = YES;
				CLANG_WARN_CONSTANT_CONVERSION = YES;
				CLANG_WARN_DEPRECATED_OBJC_IMPLEMENTATIONS = YES;
				CLANG_WARN_DIRECT_OBJC_ISA_USAGE = YES_ERROR;
				CLANG_WARN_DOCUMENTATION_COMMENTS = YES;
				CLANG_WARN_EMPTY_BODY = YES;
				CLANG_WARN_ENUM_CONVERSION = YES;
				CLANG_WARN_INFINITE_RECURSION = YES;
				CLANG_WARN_INT_CONVERSION = YES;
				CLANG_WARN_NON_LITERAL_NULL_CONVERSION = YES;
				CLANG_WARN_OBJC_IMPLICIT_RETAIN_SELF = YES;
				CLANG_WARN_OBJC_LITERAL_CONVERSION = YES;
				CLANG_WARN_OBJC_ROOT_CLASS = YES_ERROR;
				CLANG_WARN_QUOTED_INCLUDE_IN_FRAMEWORK_HEADER = YES;
				CLANG_WARN_RANGE_LOOP_ANALYSIS = YES;
				CLANG_WARN_STRICT_PROTOTYPES = YES;
				CLANG_WARN_SUSPICIOUS_MOVE = YES;
				CLANG_WARN_UNGUARDED_AVAILABILITY = YES_AGGRESSIVE;
				CLANG_WARN_UNREACHABLE_CODE = YES;
				CLANG_WARN__DUPLICATE_METHOD_MATCH = YES;
				COPY_PHASE_STRIP = NO;
				DEBUG_INFORMATION_FORMAT = "dwarf-with-dsym";
				ENABLE_NS_ASSERTIONS = NO;
				ENABLE_STRICT_OBJC_MSGSEND = YES;
				GCC_C_LANGUAGE_STANDARD = gnu11;
				GCC_NO_COMMON_BLOCKS = YES;
				GCC_WARN_64_TO_32_BIT_CONVERSION = YES;
				GCC_WARN_ABOUT_RETURN_TYPE = YES_ERROR;
				GCC_WARN_UNDECLARED_SELECTOR = YES;
				GCC_WARN_UNINITIALIZED_AUTOS = YES_AGGRESSIVE;
				GCC_WARN_UNUSED_FUNCTION = YES;
				GCC_WARN_UNUSED_VARIABLE = YES;
				IPHONEOS_DEPLOYMENT_TARGET = 15.2;
				MTL_ENABLE_DEBUG_INFO = NO;
				MTL_FAST_MATH = YES;
				SDKROOT = iphoneos;
				SWIFT_COMPILATION_MODE = wholemodule;
				SWIFT_OPTIMIZATION_LEVEL = "-O";
				VALIDATE_PRODUCT = YES;
			};
			name = Release;
		};
		AA5B1CDD27F68D820086EEE3 /* Debug */ = {
			isa = XCBuildConfiguration;
			buildSettings = {
				ASSETCATALOG_COMPILER_APPICON_NAME = AppIcon;
				ASSETCATALOG_COMPILER_GLOBAL_ACCENT_COLOR_NAME = AccentColor;
				CODE_SIGN_ENTITLEMENTS = TTSwiftUI/TTSwiftUI.entitlements;
				CODE_SIGN_STYLE = Automatic;
				CURRENT_PROJECT_VERSION = 1;
				DEVELOPMENT_ASSET_PATHS = "\"TTSwiftUI/Preview Content\"";
				DEVELOPMENT_TEAM = CRV3R593G3;
				ENABLE_PREVIEWS = YES;
				GENERATE_INFOPLIST_FILE = YES;
				INFOPLIST_KEY_UIApplicationSceneManifest_Generation = YES;
				INFOPLIST_KEY_UIApplicationSupportsIndirectInputEvents = YES;
				INFOPLIST_KEY_UILaunchScreen_Generation = YES;
				INFOPLIST_KEY_UISupportedInterfaceOrientations_iPad = "UIInterfaceOrientationPortrait UIInterfaceOrientationPortraitUpsideDown UIInterfaceOrientationLandscapeLeft UIInterfaceOrientationLandscapeRight";
				INFOPLIST_KEY_UISupportedInterfaceOrientations_iPhone = "UIInterfaceOrientationPortrait UIInterfaceOrientationLandscapeLeft UIInterfaceOrientationLandscapeRight";
				IPHONEOS_DEPLOYMENT_TARGET = 15.2;
				LD_RUNPATH_SEARCH_PATHS = (
					"$(inherited)",
					"@executable_path/Frameworks",
				);
				MARKETING_VERSION = 1.0;
				PRODUCT_BUNDLE_IDENTIFIER = com.TTSwiftUI.Test.TTSwiftUI;
				PRODUCT_NAME = "$(TARGET_NAME)";
				SUPPORTS_MACCATALYST = NO;
				SWIFT_EMIT_LOC_STRINGS = YES;
				SWIFT_VERSION = 5.0;
				TARGETED_DEVICE_FAMILY = "1,2";
			};
			name = Debug;
		};
		AA5B1CDE27F68D820086EEE3 /* Release */ = {
			isa = XCBuildConfiguration;
			buildSettings = {
				ASSETCATALOG_COMPILER_APPICON_NAME = AppIcon;
				ASSETCATALOG_COMPILER_GLOBAL_ACCENT_COLOR_NAME = AccentColor;
				CODE_SIGN_ENTITLEMENTS = TTSwiftUI/TTSwiftUI.entitlements;
				CODE_SIGN_STYLE = Automatic;
				CURRENT_PROJECT_VERSION = 1;
				DEVELOPMENT_ASSET_PATHS = "\"TTSwiftUI/Preview Content\"";
				DEVELOPMENT_TEAM = CRV3R593G3;
				ENABLE_PREVIEWS = YES;
				GENERATE_INFOPLIST_FILE = YES;
				INFOPLIST_KEY_UIApplicationSceneManifest_Generation = YES;
				INFOPLIST_KEY_UIApplicationSupportsIndirectInputEvents = YES;
				INFOPLIST_KEY_UILaunchScreen_Generation = YES;
				INFOPLIST_KEY_UISupportedInterfaceOrientations_iPad = "UIInterfaceOrientationPortrait UIInterfaceOrientationPortraitUpsideDown UIInterfaceOrientationLandscapeLeft UIInterfaceOrientationLandscapeRight";
				INFOPLIST_KEY_UISupportedInterfaceOrientations_iPhone = "UIInterfaceOrientationPortrait UIInterfaceOrientationLandscapeLeft UIInterfaceOrientationLandscapeRight";
				IPHONEOS_DEPLOYMENT_TARGET = 15.2;
				LD_RUNPATH_SEARCH_PATHS = (
					"$(inherited)",
					"@executable_path/Frameworks",
				);
				MARKETING_VERSION = 1.0;
				PRODUCT_BUNDLE_IDENTIFIER = com.TTSwiftUI.Test.TTSwiftUI;
				PRODUCT_NAME = "$(TARGET_NAME)";
				SUPPORTS_MACCATALYST = NO;
				SWIFT_EMIT_LOC_STRINGS = YES;
				SWIFT_VERSION = 5.0;
				TARGETED_DEVICE_FAMILY = "1,2";
			};
			name = Release;
		};
/* End XCBuildConfiguration section */

/* Begin XCConfigurationList section */
		AA5B1CC927F68D800086EEE3 /* Build configuration list for PBXProject "TTSwiftUI" */ = {
			isa = XCConfigurationList;
			buildConfigurations = (
				AA5B1CDA27F68D820086EEE3 /* Debug */,
				AA5B1CDB27F68D820086EEE3 /* Release */,
			);
			defaultConfigurationIsVisible = 0;
			defaultConfigurationName = Release;
		};
		AA5B1CDC27F68D820086EEE3 /* Build configuration list for PBXNativeTarget "TTSwiftUI" */ = {
			isa = XCConfigurationList;
			buildConfigurations = (
				AA5B1CDD27F68D820086EEE3 /* Debug */,
				AA5B1CDE27F68D820086EEE3 /* Release */,
			);
			defaultConfigurationIsVisible = 0;
			defaultConfigurationName = Release;
		};
/* End XCConfigurationList section */
	};
	rootObject = AA5B1CC627F68D800086EEE3 /* Project object */;
}
